# This file is automatically @generated by Cargo.
# It is not intended for manual editing.
version = 4

[[package]]
name = "rinsai"
version = "0.1.0"
dependencies = [
 "rinsai-search",
 "shogi_core",
]

[[package]]
name = "rinsai-search"
version = "0.1.0"
dependencies = [
 "shogi_core",
 "shogi_usi_parser",
 "shunsai",
]

[[package]]
name = "shogi_core"
version = "0.1.5"
source = "registry+https://github.com/rust-lang/crates.io-index"
checksum = "3d0a7de4ff7c66bf0b6346bda1d530c94a496f8aa3317938923886c58191aa14"

[[package]]
name = "shogi_usi_parser"
version = "0.1.0"
source = "registry+https://github.com/rust-lang/crates.io-index"
checksum = "f39adab2055cf0bc5c9523b237e14ad9aba385bc7ebf90c9385876a48cef8c62"
dependencies = [
 "shogi_core",
]

[[package]]
name = "shunsai"
version = "0.1.0"
source = "git+https://github.com/sugyan/shunsai?rev=e58c16fc073f07ae79f6a94b3bcd69f7e7937bb2#e58c16fc073f07ae79f6a94b3bcd69f7e7937bb2"
dependencies = [
 "shogi_core",
]
